
Microsoft Visual Studio Solution File, Format Version 12.00
# Visual Studio 15
VisualStudioVersion = 15.0.27703.2035
MinimumVisualStudioVersion = 10.0.40219.1
Project("{9A19103F-16F7-4668-BE54-9A1E7A4F7556}") = "NModbusApp", "NModbusApp\NModbusApp.csproj", "{E3D3B273-C87C-49F1-BE56-4CAC2B41EA00}"
EndProject
Project("{9A19103F-16F7-4668-BE54-9A1E7A4F7556}") = "NModbusLib", "NModbusLib\NModbusLib.csproj", "{9C5765E5-0AAA-47E5-B189-7A3DE84D5E20}"
EndProject
Project("{9A19103F-16F7-4668-BE54-9A1E7A4F7556}") = "NModbusTest", "NModbusTest\NModbusTest.csproj", "{8E88F8D3-0F34-4E04-AAF0-DE2EEF309734}"
EndProject
Project("{9A19103F-16F7-4668-BE54-9A1E7A4F7556}") = "NModbusRTU", "NModbusRTU\NModbusRTU.csproj", "{FDB6F8F5-B91C-4189-8B53-D7EF8811EA55}"
EndProject
Project("{9A19103F-16F7-4668-BE54-9A1E7A4F7556}") = "NModbusTCP", "NModbusTCP\NModbusTCP.csproj", "{8AF4D4D4-2AD1-495B-BB38-88AE67C6FAA5}"
EndProject
Global
	GlobalSection(SolutionConfigurationPlatforms) = preSolution
		Debug|Any CPU = Debug|Any CPU
		Release|Any CPU = Release|Any CPU
	EndGlobalSection
	GlobalSection(ProjectConfigurationPlatforms) = postSolution
		{E3D3B273-C87C-49F1-BE56-4CAC2B41EA00}.Debug|Any CPU.ActiveCfg = Debug|Any CPU
		{E3D3B273-C87C-49F1-BE56-4CAC2B41EA00}.Debug|Any CPU.Build.0 = Debug|Any CPU
		{E3D3B273-C87C-49F1-BE56-4CAC2B41EA00}.Release|Any CPU.ActiveCfg = Release|Any CPU
		{E3D3B273-C87C-49F1-BE56-4CAC2B41EA00}.Release|Any CPU.Build.0 = Release|Any CPU
		{9C5765E5-0AAA-47E5-B189-7A3DE84D5E20}.Debug|Any CPU.ActiveCfg = Debug|Any CPU
		{9C5765E5-0AAA-47E5-B189-7A3DE84D5E20}.Debug|Any CPU.Build.0 = Debug|Any CPU
		{9C5765E5-0AAA-47E5-B189-7A3DE84D5E20}.Release|Any CPU.ActiveCfg = Release|Any CPU
		{9C5765E5-0AAA-47E5-B189-7A3DE84D5E20}.Release|Any CPU.Build.0 = Release|Any CPU
		{8E88F8D3-0F34-4E04-AAF0-DE2EEF309734}.Debug|Any CPU.ActiveCfg = Debug|Any CPU
		{8E88F8D3-0F34-4E04-AAF0-DE2EEF309734}.Debug|Any CPU.Build.0 = Debug|Any CPU
		{8E88F8D3-0F34-4E04-AAF0-DE2EEF309734}.Release|Any CPU.ActiveCfg = Release|Any CPU
		{8E88F8D3-0F34-4E04-AAF0-DE2EEF309734}.Release|Any CPU.Build.0 = Release|Any CPU
		{FDB6F8F5-B91C-4189-8B53-D7EF8811EA55}.Debug|Any CPU.ActiveCfg = Debug|Any CPU
		{FDB6F8F5-B91C-4189-8B53-D7EF8811EA55}.Debug|Any CPU.Build.0 = Debug|Any CPU
		{FDB6F8F5-B91C-4189-8B53-D7EF8811EA55}.Release|Any CPU.ActiveCfg = Release|Any CPU
		{FDB6F8F5-B91C-4189-8B53-D7EF8811EA55}.Release|Any CPU.Build.0 = Release|Any CPU
		{8AF4D4D4-2AD1-495B-BB38-88AE67C6FAA5}.Debug|Any CPU.ActiveCfg = Debug|Any CPU
		{8AF4D4D4-2AD1-495B-BB38-88AE67C6FAA5}.Debug|Any CPU.Build.0 = Debug|Any CPU
		{8AF4D4D4-2AD1-495B-BB38-88AE67C6FAA5}.Release|Any CPU.ActiveCfg = Release|Any CPU
		{8AF4D4D4-2AD1-495B-BB38-88AE67C6FAA5}.Release|Any CPU.Build.0 = Release|Any CPU
	EndGlobalSection
	GlobalSection(SolutionProperties) = preSolution
		HideSolutionNode = FALSE
	EndGlobalSection
	GlobalSection(ExtensibilityGlobals) = postSolution
		SolutionGuid = {5DBC29DE-0E45-4E1B-B2D1-D3976E90E37B}
	EndGlobalSection
EndGlobal
